
Microsoft Visual Studio Solution File, Format Version 12.00
# Visual Studio Version 16
VisualStudioVersion = 16.0.31613.86
MinimumVisualStudioVersion = 10.0.40219.1
Project("{FAE04EC0-301F-11D3-BF4B-00C04F79EFBC}") = "Loop_Participation", "Loop_Participation\Loop_Participation.csproj", "{14235993-8F2D-4E2F-AFBB-7FF3D3547DA0}"
EndProject
Global
	GlobalSection(SolutionConfigurationPlatforms) = preSolution
		Debug|Any CPU = Debug|Any CPU
		Release|Any CPU = Release|Any CPU
	EndGlobalSection
	GlobalSection(ProjectConfigurationPlatforms) = postSolution
		{14235993-8F2D-4E2F-AFBB-7FF3D3547DA0}.Debug|Any CPU.ActiveCfg = Debug|Any CPU
		{14235993-8F2D-4E2F-AFBB-7FF3D3547DA0}.Debug|Any CPU.Build.0 = Debug|Any CPU
		{14235993-8F2D-4E2F-AFBB-7FF3D3547DA0}.Release|Any CPU.ActiveCfg = Release|Any CPU
		{14235993-8F2D-4E2F-AFBB-7FF3D3547DA0}.Release|Any CPU.Build.0 = Release|Any CPU
	EndGlobalSection
	GlobalSection(SolutionProperties) = preSolution
		HideSolutionNode = FALSE
	EndGlobalSection
	GlobalSection(ExtensibilityGlobals) = postSolution
		SolutionGuid = {25E273C5-D62B-490B-B145-3E5089170D95}
	EndGlobalSection
EndGlobal
